
Microsoft Visual Studio Solution File, Format Version 12.00
# Visual Studio Version 16
VisualStudioVersion = 16.0.30523.141
MinimumVisualStudioVersion = 10.0.40219.1
Project("{2150E333-8FDC-42A3-9474-1A3956D46DE8}") = "Domain", "Domain", "{684C166B-A9CD-4161-9A2C-1A842906FFB6}"
EndProject
Project("{2150E333-8FDC-42A3-9474-1A3956D46DE8}") = "Microservices", "Microservices", "{AA69BA97-52F4-4A8B-B080-3B2216055A0C}"
EndProject
Project("{2150E333-8FDC-42A3-9474-1A3956D46DE8}") = "Infra.Bus", "Infra.Bus", "{C1559A12-2EE6-4C01-AD95-B041D16043D4}"
EndProject
Project("{2150E333-8FDC-42A3-9474-1A3956D46DE8}") = "Infra.IOC", "Infra.IOC", "{CE98E140-C633-4B00-93D6-02C6086A8917}"
EndProject
Project("{2150E333-8FDC-42A3-9474-1A3956D46DE8}") = "Presentation", "Presentation", "{A0B55754-A975-46D7-96F2-AA816FBAB408}"
EndProject
Project("{FAE04EC0-301F-11D3-BF4B-00C04F79EFBC}") = "MicroRabbit.Domain.Core", "MicroRabbit.Domain.Core\MicroRabbit.Domain.Core.csproj", "{5F3834E6-53BF-4F8E-9A94-1C4967EE78BA}"
EndProject
Project("{FAE04EC0-301F-11D3-BF4B-00C04F79EFBC}") = "MicroRabbit.Infra.Bus", "MicroRabbit.Infra.Bus\MicroRabbit.Infra.Bus.csproj", "{EC950B36-858E-449C-8A0E-A55D28B0CDB4}"
EndProject
Project("{FAE04EC0-301F-11D3-BF4B-00C04F79EFBC}") = "MicroRabbit.Infra.IOC", "MicroRabbit.Infra.IOC\MicroRabbit.Infra.IOC.csproj", "{18E1293B-ED45-4016-AA5E-243666B780E0}"
EndProject
Project("{2150E333-8FDC-42A3-9474-1A3956D46DE8}") = "Banking", "Banking", "{D92F5513-D622-4BA2-AA37-78B572CFAC03}"
EndProject
Project("{2150E333-8FDC-42A3-9474-1A3956D46DE8}") = "Api", "Api", "{77E5A777-975B-4678-94F8-B72533642D30}"
EndProject
Project("{2150E333-8FDC-42A3-9474-1A3956D46DE8}") = "Domain", "Domain", "{B9F3E216-48F6-4023-BF02-DA71D1F5D50D}"
EndProject
Project("{2150E333-8FDC-42A3-9474-1A3956D46DE8}") = "Application", "Application", "{34ED6F29-9F02-4C8D-9270-2E0F367D13EF}"
EndProject
Project("{2150E333-8FDC-42A3-9474-1A3956D46DE8}") = "Data", "Data", "{C1BF7CBA-04C6-40A6-96AD-44DBB30938DC}"
EndProject
Project("{FAE04EC0-301F-11D3-BF4B-00C04F79EFBC}") = "MicroRabbit.Banking.Api", "MicroRabbit.Banking.Api\MicroRabbit.Banking.Api.csproj", "{D9FB649D-4855-413D-B5A7-025C21D4B482}"
EndProject
Project("{FAE04EC0-301F-11D3-BF4B-00C04F79EFBC}") = "MicroRabbit.Banking.Application", "MicroRabbit.Banking.Application\MicroRabbit.Banking.Application.csproj", "{12D91EA7-3204-4BF8-96F9-9B80A0C60335}"
EndProject
Project("{FAE04EC0-301F-11D3-BF4B-00C04F79EFBC}") = "MicroRabbit.Banking.Data", "MicroRabbit.Banking.Data\MicroRabbit.Banking.Data.csproj", "{F34FCFBC-AFE4-44FE-AAD4-4700CAA6728E}"
EndProject
Project("{FAE04EC0-301F-11D3-BF4B-00C04F79EFBC}") = "MicroRabbit.Banking.Domain", "MicroRabbit.Banking.Domain\MicroRabbit.Banking.Domain.csproj", "{A7E4BC72-09F1-4B29-BF7F-0ECB3C51D278}"
EndProject
Global
	GlobalSection(SolutionConfigurationPlatforms) = preSolution
		Debug|Any CPU = Debug|Any CPU
		Release|Any CPU = Release|Any CPU
	EndGlobalSection
	GlobalSection(ProjectConfigurationPlatforms) = postSolution
		{5F3834E6-53BF-4F8E-9A94-1C4967EE78BA}.Debug|Any CPU.ActiveCfg = Debug|Any CPU
		{5F3834E6-53BF-4F8E-9A94-1C4967EE78BA}.Debug|Any CPU.Build.0 = Debug|Any CPU
		{5F3834E6-53BF-4F8E-9A94-1C4967EE78BA}.Release|Any CPU.ActiveCfg = Release|Any CPU
		{5F3834E6-53BF-4F8E-9A94-1C4967EE78BA}.Release|Any CPU.Build.0 = Release|Any CPU
		{EC950B36-858E-449C-8A0E-A55D28B0CDB4}.Debug|Any CPU.ActiveCfg = Debug|Any CPU
		{EC950B36-858E-449C-8A0E-A55D28B0CDB4}.Debug|Any CPU.Build.0 = Debug|Any CPU
		{EC950B36-858E-449C-8A0E-A55D28B0CDB4}.Release|Any CPU.ActiveCfg = Release|Any CPU
		{EC950B36-858E-449C-8A0E-A55D28B0CDB4}.Release|Any CPU.Build.0 = Release|Any CPU
		{18E1293B-ED45-4016-AA5E-243666B780E0}.Debug|Any CPU.ActiveCfg = Debug|Any CPU
		{18E1293B-ED45-4016-AA5E-243666B780E0}.Debug|Any CPU.Build.0 = Debug|Any CPU
		{18E1293B-ED45-4016-AA5E-243666B780E0}.Release|Any CPU.ActiveCfg = Release|Any CPU
		{18E1293B-ED45-4016-AA5E-243666B780E0}.Release|Any CPU.Build.0 = Release|Any CPU
		{D9FB649D-4855-413D-B5A7-025C21D4B482}.Debug|Any CPU.ActiveCfg = Debug|Any CPU
		{D9FB649D-4855-413D-B5A7-025C21D4B482}.Debug|Any CPU.Build.0 = Debug|Any CPU
		{D9FB649D-4855-413D-B5A7-025C21D4B482}.Release|Any CPU.ActiveCfg = Release|Any CPU
		{D9FB649D-4855-413D-B5A7-025C21D4B482}.Release|Any CPU.Build.0 = Release|Any CPU
		{12D91EA7-3204-4BF8-96F9-9B80A0C60335}.Debug|Any CPU.ActiveCfg = Debug|Any CPU
		{12D91EA7-3204-4BF8-96F9-9B80A0C60335}.Debug|Any CPU.Build.0 = Debug|Any CPU
		{12D91EA7-3204-4BF8-96F9-9B80A0C60335}.Release|Any CPU.ActiveCfg = Release|Any CPU
		{12D91EA7-3204-4BF8-96F9-9B80A0C60335}.Release|Any CPU.Build.0 = Release|Any CPU
		{F34FCFBC-AFE4-44FE-AAD4-4700CAA6728E}.Debug|Any CPU.ActiveCfg = Debug|Any CPU
		{F34FCFBC-AFE4-44FE-AAD4-4700CAA6728E}.Debug|Any CPU.Build.0 = Debug|Any CPU
		{F34FCFBC-AFE4-44FE-AAD4-4700CAA6728E}.Release|Any CPU.ActiveCfg = Release|Any CPU
		{F34FCFBC-AFE4-44FE-AAD4-4700CAA6728E}.Release|Any CPU.Build.0 = Release|Any CPU
		{A7E4BC72-09F1-4B29-BF7F-0ECB3C51D278}.Debug|Any CPU.ActiveCfg = Debug|Any CPU
		{A7E4BC72-09F1-4B29-BF7F-0ECB3C51D278}.Debug|Any CPU.Build.0 = Debug|Any CPU
		{A7E4BC72-09F1-4B29-BF7F-0ECB3C51D278}.Release|Any CPU.ActiveCfg = Release|Any CPU
		{A7E4BC72-09F1-4B29-BF7F-0ECB3C51D278}.Release|Any CPU.Build.0 = Release|Any CPU
	EndGlobalSection
	GlobalSection(SolutionProperties) = preSolution
		HideSolutionNode = FALSE
	EndGlobalSection
	GlobalSection(NestedProjects) = preSolution
		{5F3834E6-53BF-4F8E-9A94-1C4967EE78BA} = {684C166B-A9CD-4161-9A2C-1A842906FFB6}
		{EC950B36-858E-449C-8A0E-A55D28B0CDB4} = {C1559A12-2EE6-4C01-AD95-B041D16043D4}
		{18E1293B-ED45-4016-AA5E-243666B780E0} = {CE98E140-C633-4B00-93D6-02C6086A8917}
		{D92F5513-D622-4BA2-AA37-78B572CFAC03} = {AA69BA97-52F4-4A8B-B080-3B2216055A0C}
		{77E5A777-975B-4678-94F8-B72533642D30} = {D92F5513-D622-4BA2-AA37-78B572CFAC03}
		{B9F3E216-48F6-4023-BF02-DA71D1F5D50D} = {D92F5513-D622-4BA2-AA37-78B572CFAC03}
		{34ED6F29-9F02-4C8D-9270-2E0F367D13EF} = {D92F5513-D622-4BA2-AA37-78B572CFAC03}
		{C1BF7CBA-04C6-40A6-96AD-44DBB30938DC} = {D92F5513-D622-4BA2-AA37-78B572CFAC03}
		{D9FB649D-4855-413D-B5A7-025C21D4B482} = {77E5A777-975B-4678-94F8-B72533642D30}
		{12D91EA7-3204-4BF8-96F9-9B80A0C60335} = {34ED6F29-9F02-4C8D-9270-2E0F367D13EF}
		{F34FCFBC-AFE4-44FE-AAD4-4700CAA6728E} = {C1BF7CBA-04C6-40A6-96AD-44DBB30938DC}
		{A7E4BC72-09F1-4B29-BF7F-0ECB3C51D278} = {B9F3E216-48F6-4023-BF02-DA71D1F5D50D}
	EndGlobalSection
	GlobalSection(ExtensibilityGlobals) = postSolution
		SolutionGuid = {929D4543-CB93-45AB-AB26-A8027E8DB3BB}
	EndGlobalSection
EndGlobal
